
Microsoft Visual Studio Solution File, Format Version 12.00
# Visual Studio Version 17
VisualStudioVersion = 17.9.34728.123
MinimumVisualStudioVersion = 10.0.40219.1
Project("{FAE04EC0-301F-11D3-BF4B-00C04F79EFBC}") = "TestInteropWpf", "TestInteropWpf.csproj", "{F1A6B724-D328-48B5-9219-0CE0C7BA1E7C}"
EndProject
Global
	GlobalSection(SolutionConfigurationPlatforms) = preSolution
		Debug|Any CPU = Debug|Any CPU
		Release|Any CPU = Release|Any CPU
	EndGlobalSection
	GlobalSection(ProjectConfigurationPlatforms) = postSolution
		{F1A6B724-D328-48B5-9219-0CE0C7BA1E7C}.Debug|Any CPU.ActiveCfg = Debug|Any CPU
		{F1A6B724-D328-48B5-9219-0CE0C7BA1E7C}.Debug|Any CPU.Build.0 = Debug|Any CPU
		{F1A6B724-D328-48B5-9219-0CE0C7BA1E7C}.Release|Any CPU.ActiveCfg = Release|Any CPU
		{F1A6B724-D328-48B5-9219-0CE0C7BA1E7C}.Release|Any CPU.Build.0 = Release|Any CPU
	EndGlobalSection
	GlobalSection(SolutionProperties) = preSolution
		HideSolutionNode = FALSE
	EndGlobalSection
	GlobalSection(ExtensibilityGlobals) = postSolution
		SolutionGuid = {16136C34-5BF9-4E08-B953-BF83A9BB0B4B}
	EndGlobalSection
EndGlobal
